
Microsoft Visual Studio Solution File, Format Version 12.00
# Visual Studio 14
VisualStudioVersion = 14.0.24720.0
MinimumVisualStudioVersion = 10.0.40219.1
Project("{FAE04EC0-301F-11D3-BF4B-00C04F79EFBC}") = "Builder", "Builder\Builder.csproj", "{C4DB184A-A0B8-49EF-84BC-9DC37A7D8370}"
EndProject
Project("{FAE04EC0-301F-11D3-BF4B-00C04F79EFBC}") = "BuilderEx", "BuilderEx\BuilderEx.csproj", "{24DBA2D9-80D0-4321-9F09-6081ACC098EC}"
EndProject
Project("{FAE04EC0-301F-11D3-BF4B-00C04F79EFBC}") = "BuilderExample", "BuilderExample\BuilderExample.csproj", "{9F48B0DA-3D04-4DD1-9E88-44630B08235B}"
EndProject
Global
	GlobalSection(SolutionConfigurationPlatforms) = preSolution
		Debug|Any CPU = Debug|Any CPU
		Release|Any CPU = Release|Any CPU
	EndGlobalSection
	GlobalSection(ProjectConfigurationPlatforms) = postSolution
		{C4DB184A-A0B8-49EF-84BC-9DC37A7D8370}.Debug|Any CPU.ActiveCfg = Debug|Any CPU
		{C4DB184A-A0B8-49EF-84BC-9DC37A7D8370}.Debug|Any CPU.Build.0 = Debug|Any CPU
		{C4DB184A-A0B8-49EF-84BC-9DC37A7D8370}.Release|Any CPU.ActiveCfg = Release|Any CPU
		{C4DB184A-A0B8-49EF-84BC-9DC37A7D8370}.Release|Any CPU.Build.0 = Release|Any CPU
		{24DBA2D9-80D0-4321-9F09-6081ACC098EC}.Debug|Any CPU.ActiveCfg = Debug|Any CPU
		{24DBA2D9-80D0-4321-9F09-6081ACC098EC}.Debug|Any CPU.Build.0 = Debug|Any CPU
		{24DBA2D9-80D0-4321-9F09-6081ACC098EC}.Release|Any CPU.ActiveCfg = Release|Any CPU
		{24DBA2D9-80D0-4321-9F09-6081ACC098EC}.Release|Any CPU.Build.0 = Release|Any CPU
		{9F48B0DA-3D04-4DD1-9E88-44630B08235B}.Debug|Any CPU.ActiveCfg = Debug|Any CPU
		{9F48B0DA-3D04-4DD1-9E88-44630B08235B}.Debug|Any CPU.Build.0 = Debug|Any CPU
		{9F48B0DA-3D04-4DD1-9E88-44630B08235B}.Release|Any CPU.ActiveCfg = Release|Any CPU
		{9F48B0DA-3D04-4DD1-9E88-44630B08235B}.Release|Any CPU.Build.0 = Release|Any CPU
	EndGlobalSection
	GlobalSection(SolutionProperties) = preSolution
		HideSolutionNode = FALSE
	EndGlobalSection
EndGlobal
